
Microsoft Visual Studio Solution File, Format Version 12.00
# Visual Studio Version 17
VisualStudioVersion = 17.7.34003.232
MinimumVisualStudioVersion = 10.0.40219.1
Project("{FAE04EC0-301F-11D3-BF4B-00C04F79EFBC}") = "hf-2024-02-28", "hf-2024-02-28\hf-2024-02-28.csproj", "{3F65E5BC-AD01-4F7E-AEB5-D289E8AAF9AD}"
EndProject
Global
	GlobalSection(SolutionConfigurationPlatforms) = preSolution
		Debug|Any CPU = Debug|Any CPU
		Release|Any CPU = Release|Any CPU
	EndGlobalSection
	GlobalSection(ProjectConfigurationPlatforms) = postSolution
		{3F65E5BC-AD01-4F7E-AEB5-D289E8AAF9AD}.Debug|Any CPU.ActiveCfg = Debug|Any CPU
		{3F65E5BC-AD01-4F7E-AEB5-D289E8AAF9AD}.Debug|Any CPU.Build.0 = Debug|Any CPU
		{3F65E5BC-AD01-4F7E-AEB5-D289E8AAF9AD}.Release|Any CPU.ActiveCfg = Release|Any CPU
		{3F65E5BC-AD01-4F7E-AEB5-D289E8AAF9AD}.Release|Any CPU.Build.0 = Release|Any CPU
	EndGlobalSection
	GlobalSection(SolutionProperties) = preSolution
		HideSolutionNode = FALSE
	EndGlobalSection
	GlobalSection(ExtensibilityGlobals) = postSolution
		SolutionGuid = {EF0283BC-2DCD-4352-86DA-6A95EEDB5430}
	EndGlobalSection
EndGlobal
